
Microsoft Visual Studio Solution File, Format Version 12.00
# Visual Studio Version 17
VisualStudioVersion = 17.9.34616.47
MinimumVisualStudioVersion = 10.0.40219.1
Project("{FAE04EC0-301F-11D3-BF4B-00C04F79EFBC}") = "CarbonFoorPrintCalculator", "CarbonFoorPrintCalculator.csproj", "{D135DBD4-9FC1-4A51-A47B-BCDC68B9CDC9}"
EndProject
Global
	GlobalSection(SolutionConfigurationPlatforms) = preSolution
		Debug|Any CPU = Debug|Any CPU
		Release|Any CPU = Release|Any CPU
	EndGlobalSection
	GlobalSection(ProjectConfigurationPlatforms) = postSolution
		{D135DBD4-9FC1-4A51-A47B-BCDC68B9CDC9}.Debug|Any CPU.ActiveCfg = Debug|Any CPU
		{D135DBD4-9FC1-4A51-A47B-BCDC68B9CDC9}.Debug|Any CPU.Build.0 = Debug|Any CPU
		{D135DBD4-9FC1-4A51-A47B-BCDC68B9CDC9}.Release|Any CPU.ActiveCfg = Release|Any CPU
		{D135DBD4-9FC1-4A51-A47B-BCDC68B9CDC9}.Release|Any CPU.Build.0 = Release|Any CPU
	EndGlobalSection
	GlobalSection(SolutionProperties) = preSolution
		HideSolutionNode = FALSE
	EndGlobalSection
	GlobalSection(ExtensibilityGlobals) = postSolution
		SolutionGuid = {DBFF1C18-55DB-4DB1-BBEC-3BC95D6FACE4}
	EndGlobalSection
EndGlobal
